
Microsoft Visual Studio Solution File, Format Version 12.00
# Visual Studio Version 17
VisualStudioVersion = 17.5.33516.290
MinimumVisualStudioVersion = 10.0.40219.1
Project("{9A19103F-16F7-4668-BE54-9A1E7A4F7556}") = "fark_t_backend", "fark_t_backend.csproj", "{C36E4314-A505-4B5F-A6F0-E5576B79FDBB}"
EndProject
Global
	GlobalSection(SolutionConfigurationPlatforms) = preSolution
		Debug|Any CPU = Debug|Any CPU
		Release|Any CPU = Release|Any CPU
	EndGlobalSection
	GlobalSection(ProjectConfigurationPlatforms) = postSolution
		{C36E4314-A505-4B5F-A6F0-E5576B79FDBB}.Debug|Any CPU.ActiveCfg = Debug|Any CPU
		{C36E4314-A505-4B5F-A6F0-E5576B79FDBB}.Debug|Any CPU.Build.0 = Debug|Any CPU
		{C36E4314-A505-4B5F-A6F0-E5576B79FDBB}.Release|Any CPU.ActiveCfg = Release|Any CPU
		{C36E4314-A505-4B5F-A6F0-E5576B79FDBB}.Release|Any CPU.Build.0 = Release|Any CPU
	EndGlobalSection
	GlobalSection(SolutionProperties) = preSolution
		HideSolutionNode = FALSE
	EndGlobalSection
	GlobalSection(ExtensibilityGlobals) = postSolution
		SolutionGuid = {FC485F75-80AC-4921-ABDE-46B4D034F3FA}
	EndGlobalSection
EndGlobal
